
Microsoft Visual Studio Solution File, Format Version 12.00
# Visual Studio Version 16
VisualStudioVersion = 16.0.33214.272
MinimumVisualStudioVersion = 10.0.40219.1
Project("{FAE04EC0-301F-11D3-BF4B-00C04F79EFBC}") = "If satsen - Övning 2", "If satsen - Övning 2\If satsen - Övning 2.csproj", "{8D16BDBF-3E58-43FF-BE86-1B328F1805E0}"
EndProject
Project("{FAE04EC0-301F-11D3-BF4B-00C04F79EFBC}") = "If satsen - Övning 1", "If satsen - Övning 1\If satsen - Övning 1.csproj", "{8770CF7D-07E5-4774-9CBF-3228244DEEC3}"
EndProject
Project("{FAE04EC0-301F-11D3-BF4B-00C04F79EFBC}") = "If satsen - Övning 3", "If satsen - Övning 3\If satsen - Övning 3.csproj", "{B5D6510B-85CB-49BD-9BA4-60226CF40BFF}"
EndProject
Project("{FAE04EC0-301F-11D3-BF4B-00C04F79EFBC}") = "If satsen - Övning 4", "If satsen - Övning 4\If satsen - Övning 4.csproj", "{E6B4872A-EEDD-408A-A719-218302AEE92F}"
EndProject
Project("{FAE04EC0-301F-11D3-BF4B-00C04F79EFBC}") = "Switch Satsen - Övning 1", "Switch Satsen - Övning 1\Switch Satsen - Övning 1.csproj", "{DA3F82A6-4690-41C3-9D2C-F6B74F3D2F62}"
EndProject
Project("{FAE04EC0-301F-11D3-BF4B-00C04F79EFBC}") = "Switch Satsen - Övning 2", "Switch Satsen - Övning 2\Switch Satsen - Övning 2.csproj", "{F3C27BA9-0C9A-44BB-8B86-98AAD8061AC2}"
EndProject
Project("{FAE04EC0-301F-11D3-BF4B-00C04F79EFBC}") = "For Satsen - Övning 1", "For Satsen - Övning 1\For Satsen - Övning 1.csproj", "{62D53C0C-CB1A-4EF4-A313-23C29B9DB8BC}"
EndProject
Project("{FAE04EC0-301F-11D3-BF4B-00C04F79EFBC}") = "For Satsen - Övning 2", "For Satsen - Övning 2\For Satsen - Övning 2.csproj", "{4D9D6735-A3C3-4179-BC47-79DE01ADCE9A}"
EndProject
Project("{FAE04EC0-301F-11D3-BF4B-00C04F79EFBC}") = "For Satsen - Övning 2.1", "For Satsen - Övning 3\For Satsen - Övning 2.1.csproj", "{CF4E9E64-99E5-4D0A-9CBC-E3A2900D2D1F}"
EndProject
Project("{FAE04EC0-301F-11D3-BF4B-00C04F79EFBC}") = "For Satsen - Övning 2.2", "For Satsen - Övning 4\For Satsen - Övning 2.2.csproj", "{64FC4F6F-EF7A-4200-8540-CB159FA773FB}"
EndProject
Project("{FAE04EC0-301F-11D3-BF4B-00C04F79EFBC}") = "For Satsen - Övning 2.3", "For Satsen - Övning 5\For Satsen - Övning 2.3.csproj", "{393F9E1B-75E7-4F44-8DA1-B4CE2B3C7694}"
EndProject
Project("{FAE04EC0-301F-11D3-BF4B-00C04F79EFBC}") = "For Satsen - Övning 2.5", "For Satsen - Övning 6\For Satsen - Övning 2.5.csproj", "{867128D1-C700-496A-84EB-A92A7E3B7AD0}"
EndProject
Project("{FAE04EC0-301F-11D3-BF4B-00C04F79EFBC}") = "For Satsen - Övning 2.4", "For Satsen - Övning 8\For Satsen - Övning 2.4.csproj", "{0623FB5D-67F1-4075-A3B6-4EA5BDFA3091}"
EndProject
Project("{FAE04EC0-301F-11D3-BF4B-00C04F79EFBC}") = "For Satsen - Övning 2.6", "For Satsen - Övning 9\For Satsen - Övning 2.6.csproj", "{96E85510-44DA-4E9A-A657-4F6AA151B95F}"
EndProject
Project("{FAE04EC0-301F-11D3-BF4B-00C04F79EFBC}") = "For Satsen - Övning 2.7", "For Satsen - Övning 2.7\For Satsen - Övning 2.7.csproj", "{E9854A2A-EF57-4099-9C19-04AB47894E8E}"
EndProject
Project("{FAE04EC0-301F-11D3-BF4B-00C04F79EFBC}") = "For Satsen - Övning 2.8", "For Satsen - Övning 2.8\For Satsen - Övning 2.8.csproj", "{78DE5875-0B7F-4C28-92F5-7493D5090D6B}"
EndProject
Project("{FAE04EC0-301F-11D3-BF4B-00C04F79EFBC}") = "While Satsen - Övning 4", "While Satsen - Övning 2\While Satsen - Övning 4.csproj", "{3FA38DD6-1F98-42FF-9E67-8FA3673EC01F}"
EndProject
Project("{FAE04EC0-301F-11D3-BF4B-00C04F79EFBC}") = "While Satsen - Övning 5", "While Satsen - Övning 5\While Satsen - Övning 5.csproj", "{2AA70FA4-A0E2-4477-8D89-4BC06314D854}"
EndProject
Project("{FAE04EC0-301F-11D3-BF4B-00C04F79EFBC}") = "While Satsen - Övning 6", "While Satsen - Övning 6\While Satsen - Övning 6.csproj", "{DBEAB62A-FA7A-484D-9B27-26AECA697921}"
EndProject
Project("{FAE04EC0-301F-11D3-BF4B-00C04F79EFBC}") = "While Satsen - Övning 7", "While Satsen - Övning 7\While Satsen - Övning 7.csproj", "{B01879EB-1556-49D6-BA87-78718F81C512}"
EndProject
Project("{FAE04EC0-301F-11D3-BF4B-00C04F79EFBC}") = "While Satsen - Övning 8", "While Satsen - Övning 8\While Satsen - Övning 8.csproj", "{21D49F9A-C1AA-4A96-9576-743D8396B7A0}"
EndProject
Project("{FAE04EC0-301F-11D3-BF4B-00C04F79EFBC}") = "Stänghantering - Övning 1", "Stänghandtering - Övning 1\Stänghantering - Övning 1.csproj", "{1D4A7EAD-312F-42B3-A70E-E3A8C40EC6EA}"
EndProject
Project("{FAE04EC0-301F-11D3-BF4B-00C04F79EFBC}") = "Stänghantering - Övning 2", "Stänghantering - Övning 2\Stänghantering - Övning 2.csproj", "{508E38F7-89F6-416A-885A-ACC4138CC0BB}"
EndProject
Project("{FAE04EC0-301F-11D3-BF4B-00C04F79EFBC}") = "Stränghantering - Övning 3", "Stränghantering - Övning 3\Stränghantering - Övning 3.csproj", "{4A621A1B-A10C-4CF2-AE17-0B346EF9015F}"
EndProject
Project("{FAE04EC0-301F-11D3-BF4B-00C04F79EFBC}") = "Stränghantering - Övning 4", "Stränghantering - Övning 4\Stränghantering - Övning 4.csproj", "{359542E6-0A9D-49B3-A654-A31173AD5225}"
EndProject
Project("{FAE04EC0-301F-11D3-BF4B-00C04F79EFBC}") = "Stränghantering - Övning 1.2", "Stränghantering - Övning 1.2\Stränghantering - Övning 1.2.csproj", "{FF14D8EC-3153-4A8E-86FA-43D42D0D6F32}"
EndProject
Project("{FAE04EC0-301F-11D3-BF4B-00C04F79EFBC}") = "1004gubbe", "1004gubbe\1004gubbe.csproj", "{429DAB52-841B-4245-B2E6-2E5B6A0E12E0}"
EndProject
Project("{FAE04EC0-301F-11D3-BF4B-00C04F79EFBC}") = "10005gubbe", "10005gubbe\10005gubbe.csproj", "{8E5DC315-2D8E-4C0A-8563-00313C603C0C}"
EndProject
Global
	GlobalSection(SolutionConfigurationPlatforms) = preSolution
		Debug|Any CPU = Debug|Any CPU
		Release|Any CPU = Release|Any CPU
	EndGlobalSection
	GlobalSection(ProjectConfigurationPlatforms) = postSolution
		{8D16BDBF-3E58-43FF-BE86-1B328F1805E0}.Debug|Any CPU.ActiveCfg = Debug|Any CPU
		{8D16BDBF-3E58-43FF-BE86-1B328F1805E0}.Debug|Any CPU.Build.0 = Debug|Any CPU
		{8D16BDBF-3E58-43FF-BE86-1B328F1805E0}.Release|Any CPU.ActiveCfg = Release|Any CPU
		{8D16BDBF-3E58-43FF-BE86-1B328F1805E0}.Release|Any CPU.Build.0 = Release|Any CPU
		{8770CF7D-07E5-4774-9CBF-3228244DEEC3}.Debug|Any CPU.ActiveCfg = Debug|Any CPU
		{8770CF7D-07E5-4774-9CBF-3228244DEEC3}.Debug|Any CPU.Build.0 = Debug|Any CPU
		{8770CF7D-07E5-4774-9CBF-3228244DEEC3}.Release|Any CPU.ActiveCfg = Release|Any CPU
		{8770CF7D-07E5-4774-9CBF-3228244DEEC3}.Release|Any CPU.Build.0 = Release|Any CPU
		{B5D6510B-85CB-49BD-9BA4-60226CF40BFF}.Debug|Any CPU.ActiveCfg = Debug|Any CPU
		{B5D6510B-85CB-49BD-9BA4-60226CF40BFF}.Debug|Any CPU.Build.0 = Debug|Any CPU
		{B5D6510B-85CB-49BD-9BA4-60226CF40BFF}.Release|Any CPU.ActiveCfg = Release|Any CPU
		{B5D6510B-85CB-49BD-9BA4-60226CF40BFF}.Release|Any CPU.Build.0 = Release|Any CPU
		{E6B4872A-EEDD-408A-A719-218302AEE92F}.Debug|Any CPU.ActiveCfg = Debug|Any CPU
		{E6B4872A-EEDD-408A-A719-218302AEE92F}.Debug|Any CPU.Build.0 = Debug|Any CPU
		{E6B4872A-EEDD-408A-A719-218302AEE92F}.Release|Any CPU.ActiveCfg = Release|Any CPU
		{E6B4872A-EEDD-408A-A719-218302AEE92F}.Release|Any CPU.Build.0 = Release|Any CPU
		{DA3F82A6-4690-41C3-9D2C-F6B74F3D2F62}.Debug|Any CPU.ActiveCfg = Debug|Any CPU
		{DA3F82A6-4690-41C3-9D2C-F6B74F3D2F62}.Debug|Any CPU.Build.0 = Debug|Any CPU
		{DA3F82A6-4690-41C3-9D2C-F6B74F3D2F62}.Release|Any CPU.ActiveCfg = Release|Any CPU
		{DA3F82A6-4690-41C3-9D2C-F6B74F3D2F62}.Release|Any CPU.Build.0 = Release|Any CPU
		{F3C27BA9-0C9A-44BB-8B86-98AAD8061AC2}.Debug|Any CPU.ActiveCfg = Debug|Any CPU
		{F3C27BA9-0C9A-44BB-8B86-98AAD8061AC2}.Debug|Any CPU.Build.0 = Debug|Any CPU
		{F3C27BA9-0C9A-44BB-8B86-98AAD8061AC2}.Release|Any CPU.ActiveCfg = Release|Any CPU
		{F3C27BA9-0C9A-44BB-8B86-98AAD8061AC2}.Release|Any CPU.Build.0 = Release|Any CPU
		{62D53C0C-CB1A-4EF4-A313-23C29B9DB8BC}.Debug|Any CPU.ActiveCfg = Debug|Any CPU
		{62D53C0C-CB1A-4EF4-A313-23C29B9DB8BC}.Debug|Any CPU.Build.0 = Debug|Any CPU
		{62D53C0C-CB1A-4EF4-A313-23C29B9DB8BC}.Release|Any CPU.ActiveCfg = Release|Any CPU
		{62D53C0C-CB1A-4EF4-A313-23C29B9DB8BC}.Release|Any CPU.Build.0 = Release|Any CPU
		{4D9D6735-A3C3-4179-BC47-79DE01ADCE9A}.Debug|Any CPU.ActiveCfg = Debug|Any CPU
		{4D9D6735-A3C3-4179-BC47-79DE01ADCE9A}.Debug|Any CPU.Build.0 = Debug|Any CPU
		{4D9D6735-A3C3-4179-BC47-79DE01ADCE9A}.Release|Any CPU.ActiveCfg = Release|Any CPU
		{4D9D6735-A3C3-4179-BC47-79DE01ADCE9A}.Release|Any CPU.Build.0 = Release|Any CPU
		{CF4E9E64-99E5-4D0A-9CBC-E3A2900D2D1F}.Debug|Any CPU.ActiveCfg = Debug|Any CPU
		{CF4E9E64-99E5-4D0A-9CBC-E3A2900D2D1F}.Debug|Any CPU.Build.0 = Debug|Any CPU
		{CF4E9E64-99E5-4D0A-9CBC-E3A2900D2D1F}.Release|Any CPU.ActiveCfg = Release|Any CPU
		{CF4E9E64-99E5-4D0A-9CBC-E3A2900D2D1F}.Release|Any CPU.Build.0 = Release|Any CPU
		{64FC4F6F-EF7A-4200-8540-CB159FA773FB}.Debug|Any CPU.ActiveCfg = Debug|Any CPU
		{64FC4F6F-EF7A-4200-8540-CB159FA773FB}.Debug|Any CPU.Build.0 = Debug|Any CPU
		{64FC4F6F-EF7A-4200-8540-CB159FA773FB}.Release|Any CPU.ActiveCfg = Release|Any CPU
		{64FC4F6F-EF7A-4200-8540-CB159FA773FB}.Release|Any CPU.Build.0 = Release|Any CPU
		{393F9E1B-75E7-4F44-8DA1-B4CE2B3C7694}.Debug|Any CPU.ActiveCfg = Debug|Any CPU
		{393F9E1B-75E7-4F44-8DA1-B4CE2B3C7694}.Debug|Any CPU.Build.0 = Debug|Any CPU
		{393F9E1B-75E7-4F44-8DA1-B4CE2B3C7694}.Release|Any CPU.ActiveCfg = Release|Any CPU
		{393F9E1B-75E7-4F44-8DA1-B4CE2B3C7694}.Release|Any CPU.Build.0 = Release|Any CPU
		{867128D1-C700-496A-84EB-A92A7E3B7AD0}.Debug|Any CPU.ActiveCfg = Debug|Any CPU
		{867128D1-C700-496A-84EB-A92A7E3B7AD0}.Debug|Any CPU.Build.0 = Debug|Any CPU
		{867128D1-C700-496A-84EB-A92A7E3B7AD0}.Release|Any CPU.ActiveCfg = Release|Any CPU
		{867128D1-C700-496A-84EB-A92A7E3B7AD0}.Release|Any CPU.Build.0 = Release|Any CPU
		{0623FB5D-67F1-4075-A3B6-4EA5BDFA3091}.Debug|Any CPU.ActiveCfg = Debug|Any CPU
		{0623FB5D-67F1-4075-A3B6-4EA5BDFA3091}.Debug|Any CPU.Build.0 = Debug|Any CPU
		{0623FB5D-67F1-4075-A3B6-4EA5BDFA3091}.Release|Any CPU.ActiveCfg = Release|Any CPU
		{0623FB5D-67F1-4075-A3B6-4EA5BDFA3091}.Release|Any CPU.Build.0 = Release|Any CPU
		{96E85510-44DA-4E9A-A657-4F6AA151B95F}.Debug|Any CPU.ActiveCfg = Debug|Any CPU
		{96E85510-44DA-4E9A-A657-4F6AA151B95F}.Debug|Any CPU.Build.0 = Debug|Any CPU
		{96E85510-44DA-4E9A-A657-4F6AA151B95F}.Release|Any CPU.ActiveCfg = Release|Any CPU
		{96E85510-44DA-4E9A-A657-4F6AA151B95F}.Release|Any CPU.Build.0 = Release|Any CPU
		{E9854A2A-EF57-4099-9C19-04AB47894E8E}.Debug|Any CPU.ActiveCfg = Debug|Any CPU
		{E9854A2A-EF57-4099-9C19-04AB47894E8E}.Debug|Any CPU.Build.0 = Debug|Any CPU
		{E9854A2A-EF57-4099-9C19-04AB47894E8E}.Release|Any CPU.ActiveCfg = Release|Any CPU
		{E9854A2A-EF57-4099-9C19-04AB47894E8E}.Release|Any CPU.Build.0 = Release|Any CPU
		{78DE5875-0B7F-4C28-92F5-7493D5090D6B}.Debug|Any CPU.ActiveCfg = Debug|Any CPU
		{78DE5875-0B7F-4C28-92F5-7493D5090D6B}.Debug|Any CPU.Build.0 = Debug|Any CPU
		{78DE5875-0B7F-4C28-92F5-7493D5090D6B}.Release|Any CPU.ActiveCfg = Release|Any CPU
		{78DE5875-0B7F-4C28-92F5-7493D5090D6B}.Release|Any CPU.Build.0 = Release|Any CPU
		{3FA38DD6-1F98-42FF-9E67-8FA3673EC01F}.Debug|Any CPU.ActiveCfg = Debug|Any CPU
		{3FA38DD6-1F98-42FF-9E67-8FA3673EC01F}.Debug|Any CPU.Build.0 = Debug|Any CPU
		{3FA38DD6-1F98-42FF-9E67-8FA3673EC01F}.Release|Any CPU.ActiveCfg = Release|Any CPU
		{3FA38DD6-1F98-42FF-9E67-8FA3673EC01F}.Release|Any CPU.Build.0 = Release|Any CPU
		{2AA70FA4-A0E2-4477-8D89-4BC06314D854}.Debug|Any CPU.ActiveCfg = Debug|Any CPU
		{2AA70FA4-A0E2-4477-8D89-4BC06314D854}.Debug|Any CPU.Build.0 = Debug|Any CPU
		{2AA70FA4-A0E2-4477-8D89-4BC06314D854}.Release|Any CPU.ActiveCfg = Release|Any CPU
		{2AA70FA4-A0E2-4477-8D89-4BC06314D854}.Release|Any CPU.Build.0 = Release|Any CPU
		{DBEAB62A-FA7A-484D-9B27-26AECA697921}.Debug|Any CPU.ActiveCfg = Debug|Any CPU
		{DBEAB62A-FA7A-484D-9B27-26AECA697921}.Debug|Any CPU.Build.0 = Debug|Any CPU
		{DBEAB62A-FA7A-484D-9B27-26AECA697921}.Release|Any CPU.ActiveCfg = Release|Any CPU
		{DBEAB62A-FA7A-484D-9B27-26AECA697921}.Release|Any CPU.Build.0 = Release|Any CPU
		{B01879EB-1556-49D6-BA87-78718F81C512}.Debug|Any CPU.ActiveCfg = Debug|Any CPU
		{B01879EB-1556-49D6-BA87-78718F81C512}.Debug|Any CPU.Build.0 = Debug|Any CPU
		{B01879EB-1556-49D6-BA87-78718F81C512}.Release|Any CPU.ActiveCfg = Release|Any CPU
		{B01879EB-1556-49D6-BA87-78718F81C512}.Release|Any CPU.Build.0 = Release|Any CPU
		{21D49F9A-C1AA-4A96-9576-743D8396B7A0}.Debug|Any CPU.ActiveCfg = Debug|Any CPU
		{21D49F9A-C1AA-4A96-9576-743D8396B7A0}.Debug|Any CPU.Build.0 = Debug|Any CPU
		{21D49F9A-C1AA-4A96-9576-743D8396B7A0}.Release|Any CPU.ActiveCfg = Release|Any CPU
		{21D49F9A-C1AA-4A96-9576-743D8396B7A0}.Release|Any CPU.Build.0 = Release|Any CPU
		{1D4A7EAD-312F-42B3-A70E-E3A8C40EC6EA}.Debug|Any CPU.ActiveCfg = Debug|Any CPU
		{1D4A7EAD-312F-42B3-A70E-E3A8C40EC6EA}.Debug|Any CPU.Build.0 = Debug|Any CPU
		{1D4A7EAD-312F-42B3-A70E-E3A8C40EC6EA}.Release|Any CPU.ActiveCfg = Release|Any CPU
		{1D4A7EAD-312F-42B3-A70E-E3A8C40EC6EA}.Release|Any CPU.Build.0 = Release|Any CPU
		{508E38F7-89F6-416A-885A-ACC4138CC0BB}.Debug|Any CPU.ActiveCfg = Debug|Any CPU
		{508E38F7-89F6-416A-885A-ACC4138CC0BB}.Debug|Any CPU.Build.0 = Debug|Any CPU
		{508E38F7-89F6-416A-885A-ACC4138CC0BB}.Release|Any CPU.ActiveCfg = Release|Any CPU
		{508E38F7-89F6-416A-885A-ACC4138CC0BB}.Release|Any CPU.Build.0 = Release|Any CPU
		{4A621A1B-A10C-4CF2-AE17-0B346EF9015F}.Debug|Any CPU.ActiveCfg = Debug|Any CPU
		{4A621A1B-A10C-4CF2-AE17-0B346EF9015F}.Debug|Any CPU.Build.0 = Debug|Any CPU
		{4A621A1B-A10C-4CF2-AE17-0B346EF9015F}.Release|Any CPU.ActiveCfg = Release|Any CPU
		{4A621A1B-A10C-4CF2-AE17-0B346EF9015F}.Release|Any CPU.Build.0 = Release|Any CPU
		{359542E6-0A9D-49B3-A654-A31173AD5225}.Debug|Any CPU.ActiveCfg = Debug|Any CPU
		{359542E6-0A9D-49B3-A654-A31173AD5225}.Debug|Any CPU.Build.0 = Debug|Any CPU
		{359542E6-0A9D-49B3-A654-A31173AD5225}.Release|Any CPU.ActiveCfg = Release|Any CPU
		{359542E6-0A9D-49B3-A654-A31173AD5225}.Release|Any CPU.Build.0 = Release|Any CPU
		{FF14D8EC-3153-4A8E-86FA-43D42D0D6F32}.Debug|Any CPU.ActiveCfg = Debug|Any CPU
		{FF14D8EC-3153-4A8E-86FA-43D42D0D6F32}.Debug|Any CPU.Build.0 = Debug|Any CPU
		{FF14D8EC-3153-4A8E-86FA-43D42D0D6F32}.Release|Any CPU.ActiveCfg = Release|Any CPU
		{FF14D8EC-3153-4A8E-86FA-43D42D0D6F32}.Release|Any CPU.Build.0 = Release|Any CPU
		{429DAB52-841B-4245-B2E6-2E5B6A0E12E0}.Debug|Any CPU.ActiveCfg = Debug|Any CPU
		{429DAB52-841B-4245-B2E6-2E5B6A0E12E0}.Debug|Any CPU.Build.0 = Debug|Any CPU
		{429DAB52-841B-4245-B2E6-2E5B6A0E12E0}.Release|Any CPU.ActiveCfg = Release|Any CPU
		{429DAB52-841B-4245-B2E6-2E5B6A0E12E0}.Release|Any CPU.Build.0 = Release|Any CPU
		{8E5DC315-2D8E-4C0A-8563-00313C603C0C}.Debug|Any CPU.ActiveCfg = Debug|Any CPU
		{8E5DC315-2D8E-4C0A-8563-00313C603C0C}.Debug|Any CPU.Build.0 = Debug|Any CPU
		{8E5DC315-2D8E-4C0A-8563-00313C603C0C}.Release|Any CPU.ActiveCfg = Release|Any CPU
		{8E5DC315-2D8E-4C0A-8563-00313C603C0C}.Release|Any CPU.Build.0 = Release|Any CPU
	EndGlobalSection
	GlobalSection(SolutionProperties) = preSolution
		HideSolutionNode = FALSE
	EndGlobalSection
	GlobalSection(ExtensibilityGlobals) = postSolution
		SolutionGuid = {B9CAB276-0920-412B-8922-32F89AD7C1E6}
	EndGlobalSection
EndGlobal
